
Microsoft Visual Studio Solution File, Format Version 12.00
# Visual Studio Version 17
VisualStudioVersion = 17.11.35219.272
MinimumVisualStudioVersion = 10.0.40219.1
Project("{9A19103F-16F7-4668-BE54-9A1E7A4F7556}") = "crickinfo_mvc_ef_core", "crickinfo_mvc_ef_core.csproj", "{8B58C855-C786-409A-A551-54914D991AC1}"
EndProject
Global
	GlobalSection(SolutionConfigurationPlatforms) = preSolution
		Debug|Any CPU = Debug|Any CPU
		Release|Any CPU = Release|Any CPU
	EndGlobalSection
	GlobalSection(ProjectConfigurationPlatforms) = postSolution
		{8B58C855-C786-409A-A551-54914D991AC1}.Debug|Any CPU.ActiveCfg = Debug|Any CPU
		{8B58C855-C786-409A-A551-54914D991AC1}.Debug|Any CPU.Build.0 = Debug|Any CPU
		{8B58C855-C786-409A-A551-54914D991AC1}.Release|Any CPU.ActiveCfg = Release|Any CPU
		{8B58C855-C786-409A-A551-54914D991AC1}.Release|Any CPU.Build.0 = Release|Any CPU
	EndGlobalSection
	GlobalSection(SolutionProperties) = preSolution
		HideSolutionNode = FALSE
	EndGlobalSection
	GlobalSection(ExtensibilityGlobals) = postSolution
		SolutionGuid = {E17BCDD6-DDAA-4782-A290-E3CB3AF13DEB}
	EndGlobalSection
EndGlobal
